
Microsoft Visual Studio Solution File, Format Version 12.00
# Visual Studio Version 16
VisualStudioVersion = 16.0.31112.23
MinimumVisualStudioVersion = 10.0.40219.1
Project("{FAE04EC0-301F-11D3-BF4B-00C04F79EFBC}") = "FinalTask", "FinalTask\FinalTask.csproj", "{96F9908D-1C24-4C9D-8529-426F3675E1A0}"
EndProject
Global
	GlobalSection(SolutionConfigurationPlatforms) = preSolution
		Debug|Any CPU = Debug|Any CPU
		Release|Any CPU = Release|Any CPU
	EndGlobalSection
	GlobalSection(ProjectConfigurationPlatforms) = postSolution
		{96F9908D-1C24-4C9D-8529-426F3675E1A0}.Debug|Any CPU.ActiveCfg = Debug|Any CPU
		{96F9908D-1C24-4C9D-8529-426F3675E1A0}.Debug|Any CPU.Build.0 = Debug|Any CPU
		{96F9908D-1C24-4C9D-8529-426F3675E1A0}.Release|Any CPU.ActiveCfg = Release|Any CPU
		{96F9908D-1C24-4C9D-8529-426F3675E1A0}.Release|Any CPU.Build.0 = Release|Any CPU
	EndGlobalSection
	GlobalSection(SolutionProperties) = preSolution
		HideSolutionNode = FALSE
	EndGlobalSection
	GlobalSection(ExtensibilityGlobals) = postSolution
		SolutionGuid = {4410344E-6843-47C6-A48C-ED474747FA5D}
	EndGlobalSection
EndGlobal
