
Microsoft Visual Studio Solution File, Format Version 12.00
# Visual Studio Version 16
VisualStudioVersion = 16.0.31112.23
MinimumVisualStudioVersion = 10.0.40219.1
Project("{FAE04EC0-301F-11D3-BF4B-00C04F79EFBC}") = "Day2", "Day2\Day2.csproj", "{3B27DF77-A08E-4884-8883-288272D3704F}"
EndProject
Global
	GlobalSection(SolutionConfigurationPlatforms) = preSolution
		Debug|Any CPU = Debug|Any CPU
		Release|Any CPU = Release|Any CPU
	EndGlobalSection
	GlobalSection(ProjectConfigurationPlatforms) = postSolution
		{3B27DF77-A08E-4884-8883-288272D3704F}.Debug|Any CPU.ActiveCfg = Debug|Any CPU
		{3B27DF77-A08E-4884-8883-288272D3704F}.Debug|Any CPU.Build.0 = Debug|Any CPU
		{3B27DF77-A08E-4884-8883-288272D3704F}.Release|Any CPU.ActiveCfg = Release|Any CPU
		{3B27DF77-A08E-4884-8883-288272D3704F}.Release|Any CPU.Build.0 = Release|Any CPU
	EndGlobalSection
	GlobalSection(SolutionProperties) = preSolution
		HideSolutionNode = FALSE
	EndGlobalSection
	GlobalSection(ExtensibilityGlobals) = postSolution
		SolutionGuid = {02F70B0D-710A-498A-91E7-22C98B7BEDB0}
	EndGlobalSection
EndGlobal
