
Microsoft Visual Studio Solution File, Format Version 12.00
# Visual Studio Version 16
VisualStudioVersion = 16.0.31112.23
MinimumVisualStudioVersion = 10.0.40219.1
Project("{FAE04EC0-301F-11D3-BF4B-00C04F79EFBC}") = "Day5", "Day5\Day5.csproj", "{46B0B003-F094-4F8D-AAED-C7C894945408}"
EndProject
Global
	GlobalSection(SolutionConfigurationPlatforms) = preSolution
		Debug|Any CPU = Debug|Any CPU
		Release|Any CPU = Release|Any CPU
	EndGlobalSection
	GlobalSection(ProjectConfigurationPlatforms) = postSolution
		{46B0B003-F094-4F8D-AAED-C7C894945408}.Debug|Any CPU.ActiveCfg = Debug|Any CPU
		{46B0B003-F094-4F8D-AAED-C7C894945408}.Debug|Any CPU.Build.0 = Debug|Any CPU
		{46B0B003-F094-4F8D-AAED-C7C894945408}.Release|Any CPU.ActiveCfg = Release|Any CPU
		{46B0B003-F094-4F8D-AAED-C7C894945408}.Release|Any CPU.Build.0 = Release|Any CPU
	EndGlobalSection
	GlobalSection(SolutionProperties) = preSolution
		HideSolutionNode = FALSE
	EndGlobalSection
	GlobalSection(ExtensibilityGlobals) = postSolution
		SolutionGuid = {45E579AF-A2AC-4A92-89C6-BC86D312BE29}
	EndGlobalSection
EndGlobal
